
Microsoft Visual Studio Solution File, Format Version 12.00
# Visual Studio Version 17
VisualStudioVersion = 17.5.33424.131
MinimumVisualStudioVersion = 10.0.40219.1
Project("{FAE04EC0-301F-11D3-BF4B-00C04F79EFBC}") = "Temperature", "Temperature\Temperature.csproj", "{53F27F56-1DA2-414F-B318-33F17D0AE087}"
EndProject
Global
	GlobalSection(SolutionConfigurationPlatforms) = preSolution
		Debug|Any CPU = Debug|Any CPU
		Release|Any CPU = Release|Any CPU
	EndGlobalSection
	GlobalSection(ProjectConfigurationPlatforms) = postSolution
		{53F27F56-1DA2-414F-B318-33F17D0AE087}.Debug|Any CPU.ActiveCfg = Debug|Any CPU
		{53F27F56-1DA2-414F-B318-33F17D0AE087}.Debug|Any CPU.Build.0 = Debug|Any CPU
		{53F27F56-1DA2-414F-B318-33F17D0AE087}.Release|Any CPU.ActiveCfg = Release|Any CPU
		{53F27F56-1DA2-414F-B318-33F17D0AE087}.Release|Any CPU.Build.0 = Release|Any CPU
	EndGlobalSection
	GlobalSection(SolutionProperties) = preSolution
		HideSolutionNode = FALSE
	EndGlobalSection
	GlobalSection(ExtensibilityGlobals) = postSolution
		SolutionGuid = {F0BB2F89-A911-40F1-B95E-C6C261B7B74E}
	EndGlobalSection
EndGlobal
